
Microsoft Visual Studio Solution File, Format Version 12.00
# Visual Studio Version 17
VisualStudioVersion = 17.7.33808.371
MinimumVisualStudioVersion = 10.0.40219.1
Project("{FAE04EC0-301F-11D3-BF4B-00C04F79EFBC}") = "MudJSInteropExceptionHandlingHostedWasm.Server", "MudJSInteropExceptionHandlingHostedWasm\Server\MudJSInteropExceptionHandlingHostedWasm.Server.csproj", "{BD487F2B-F0A6-4CAE-B1BD-15B775008190}"
EndProject
Project("{FAE04EC0-301F-11D3-BF4B-00C04F79EFBC}") = "MudJSInteropExceptionHandlingHostedWasm.Client", "MudJSInteropExceptionHandlingHostedWasm\Client\MudJSInteropExceptionHandlingHostedWasm.Client.csproj", "{D26E3958-8149-4E92-BB20-4540DD0221C6}"
EndProject
Project("{FAE04EC0-301F-11D3-BF4B-00C04F79EFBC}") = "MudJSInteropExceptionHandlingHostedWasm.Shared", "MudJSInteropExceptionHandlingHostedWasm\Shared\MudJSInteropExceptionHandlingHostedWasm.Shared.csproj", "{CE1CBAC1-8659-418B-93B1-D475644CD7A4}"
EndProject
Global
	GlobalSection(SolutionConfigurationPlatforms) = preSolution
		Debug|Any CPU = Debug|Any CPU
		Release|Any CPU = Release|Any CPU
	EndGlobalSection
	GlobalSection(ProjectConfigurationPlatforms) = postSolution
		{BD487F2B-F0A6-4CAE-B1BD-15B775008190}.Debug|Any CPU.ActiveCfg = Debug|Any CPU
		{BD487F2B-F0A6-4CAE-B1BD-15B775008190}.Debug|Any CPU.Build.0 = Debug|Any CPU
		{BD487F2B-F0A6-4CAE-B1BD-15B775008190}.Release|Any CPU.ActiveCfg = Release|Any CPU
		{BD487F2B-F0A6-4CAE-B1BD-15B775008190}.Release|Any CPU.Build.0 = Release|Any CPU
		{D26E3958-8149-4E92-BB20-4540DD0221C6}.Debug|Any CPU.ActiveCfg = Debug|Any CPU
		{D26E3958-8149-4E92-BB20-4540DD0221C6}.Debug|Any CPU.Build.0 = Debug|Any CPU
		{D26E3958-8149-4E92-BB20-4540DD0221C6}.Release|Any CPU.ActiveCfg = Release|Any CPU
		{D26E3958-8149-4E92-BB20-4540DD0221C6}.Release|Any CPU.Build.0 = Release|Any CPU
		{CE1CBAC1-8659-418B-93B1-D475644CD7A4}.Debug|Any CPU.ActiveCfg = Debug|Any CPU
		{CE1CBAC1-8659-418B-93B1-D475644CD7A4}.Debug|Any CPU.Build.0 = Debug|Any CPU
		{CE1CBAC1-8659-418B-93B1-D475644CD7A4}.Release|Any CPU.ActiveCfg = Release|Any CPU
		{CE1CBAC1-8659-418B-93B1-D475644CD7A4}.Release|Any CPU.Build.0 = Release|Any CPU
	EndGlobalSection
	GlobalSection(SolutionProperties) = preSolution
		HideSolutionNode = FALSE
	EndGlobalSection
	GlobalSection(ExtensibilityGlobals) = postSolution
		SolutionGuid = {15D72F9D-57B1-4514-A476-CB66BD8C6DFC}
	EndGlobalSection
EndGlobal
