
Microsoft Visual Studio Solution File, Format Version 12.00
# Visual Studio Version 17
VisualStudioVersion = 17.7.33808.371
MinimumVisualStudioVersion = 10.0.40219.1
Project("{FAE04EC0-301F-11D3-BF4B-00C04F79EFBC}") = "MudJSInteropExceptionHandling", "MudJSInteropExceptionHandling.csproj", "{AEDB78DD-75DF-4E2E-8F98-791B1BF22CC3}"
EndProject
Global
	GlobalSection(SolutionConfigurationPlatforms) = preSolution
		Debug|Any CPU = Debug|Any CPU
		Release|Any CPU = Release|Any CPU
	EndGlobalSection
	GlobalSection(ProjectConfigurationPlatforms) = postSolution
		{AEDB78DD-75DF-4E2E-8F98-791B1BF22CC3}.Debug|Any CPU.ActiveCfg = Debug|Any CPU
		{AEDB78DD-75DF-4E2E-8F98-791B1BF22CC3}.Debug|Any CPU.Build.0 = Debug|Any CPU
		{AEDB78DD-75DF-4E2E-8F98-791B1BF22CC3}.Release|Any CPU.ActiveCfg = Release|Any CPU
		{AEDB78DD-75DF-4E2E-8F98-791B1BF22CC3}.Release|Any CPU.Build.0 = Release|Any CPU
	EndGlobalSection
	GlobalSection(SolutionProperties) = preSolution
		HideSolutionNode = FALSE
	EndGlobalSection
	GlobalSection(ExtensibilityGlobals) = postSolution
		SolutionGuid = {15D72F9D-57B1-4514-A476-CB66BD8C6DFC}
	EndGlobalSection
EndGlobal
